Microsoft Visual Studio Solution File, Format Version 11.00
# Visual Studio 2008

Project("{F5C129F2-2CF1-BE94-BF91-647F65F62CC2}") = "PrototypeOne", "Assembly-CSharp-firstpass.csproj", "{B4ED121D-F6BB-C0A9-2CB9-174ECDA6DE93}"
EndProject
Project("{F5C129F2-2CF1-BE94-BF91-647F65F62CC2}") = "PrototypeOne", "Assembly-CSharp.csproj", "{8E8ADCE1-60E5-2372-EF25-79E38FAEABBB}"
EndProject
Project("{F5C129F2-2CF1-BE94-BF91-647F65F62CC2}") = "PrototypeOne", "Assembly-CSharp-Editor.csproj", "{305D4AAA-261B-FB58-EEC2-9207B6596255}"
EndProject
Project("{F5C129F2-2CF1-BE94-BF91-647F65F62CC2}") = "PrototypeOne", "Assembly-UnityScript-firstpass.unityproj", "{D1E0C738-252B-739E-086A-AC14F379EC9F}"
EndProject
Global
	GlobalSection(SolutionConfigurationPlatforms) = preSolution
		Debug|Any CPU = Debug|Any CPU
		Release|Any CPU = Release|Any CPU
	EndGlobalSection
	GlobalSection(ProjectConfigurationPlatforms) = postSolution
		{B4ED121D-F6BB-C0A9-2CB9-174ECDA6DE93}.Debug|Any CPU.ActiveCfg = Debug|Any CPU
		{B4ED121D-F6BB-C0A9-2CB9-174ECDA6DE93}.Debug|Any CPU.Build.0 = Debug|Any CPU
		{B4ED121D-F6BB-C0A9-2CB9-174ECDA6DE93}.Release|Any CPU.ActiveCfg = Release|Any CPU
		{B4ED121D-F6BB-C0A9-2CB9-174ECDA6DE93}.Release|Any CPU.Build.0 = Release|Any CPU
		{8E8ADCE1-60E5-2372-EF25-79E38FAEABBB}.Debug|Any CPU.ActiveCfg = Debug|Any CPU
		{8E8ADCE1-60E5-2372-EF25-79E38FAEABBB}.Debug|Any CPU.Build.0 = Debug|Any CPU
		{8E8ADCE1-60E5-2372-EF25-79E38FAEABBB}.Release|Any CPU.ActiveCfg = Release|Any CPU
		{8E8ADCE1-60E5-2372-EF25-79E38FAEABBB}.Release|Any CPU.Build.0 = Release|Any CPU
		{305D4AAA-261B-FB58-EEC2-9207B6596255}.Debug|Any CPU.ActiveCfg = Debug|Any CPU
		{305D4AAA-261B-FB58-EEC2-9207B6596255}.Debug|Any CPU.Build.0 = Debug|Any CPU
		{305D4AAA-261B-FB58-EEC2-9207B6596255}.Release|Any CPU.ActiveCfg = Release|Any CPU
		{305D4AAA-261B-FB58-EEC2-9207B6596255}.Release|Any CPU.Build.0 = Release|Any CPU
		{D1E0C738-252B-739E-086A-AC14F379EC9F}.Debug|Any CPU.ActiveCfg = Debug|Any CPU
		{D1E0C738-252B-739E-086A-AC14F379EC9F}.Debug|Any CPU.Build.0 = Debug|Any CPU
		{D1E0C738-252B-739E-086A-AC14F379EC9F}.Release|Any CPU.ActiveCfg = Release|Any CPU
		{D1E0C738-252B-739E-086A-AC14F379EC9F}.Release|Any CPU.Build.0 = Release|Any CPU
	EndGlobalSection
	GlobalSection(SolutionProperties) = preSolution
		HideSolutionNode = FALSE
	EndGlobalSection
													GlobalSection(MonoDevelopProperties) = preSolution
		StartupItem = Assembly-CSharp.csproj
		Policies = $0
		$0.TextStylePolicy = $1
		$1.inheritsSet = null
		$1.scope = text/x-csharp
		$0.CSharpFormattingPolicy = $2
		$2.inheritsSet = Mono
		$2.inheritsScope = text/x-csharp
		$2.scope = text/x-csharp
		$0.TextStylePolicy = $3
		$3.FileWidth = 120
		$3.TabWidth = 4
		$3.EolMarker = Unix
		$3.inheritsSet = Mono
		$3.inheritsScope = text/plain
		$3.scope = text/plain
	EndGlobalSection

EndGlobal
